<?xml version="1.0" encoding="utf-8"?>
<Project ToolsVersion="4.0" xmlns="http://schemas.microsoft.com/developer/msbuild/2003">
  <ItemGroup>
    <Filter Include="Generated Files">
      <UniqueIdentifier>{71ED8ED8-ACB9-4CE9-BBE1-E00B30144E11}</UniqueIdentifier>
      <Extensions>cpp;c;cxx;moc;h;def;odl;idl;res;</Extensions>
    </Filter>
    <Filter Include="Generated Files">
      <UniqueIdentifier>{71ED8ED8-ACB9-4CE9-BBE1-E00B30144E11}</UniqueIdentifier>
      <Extensions>cpp;c;cxx;moc;h;def;odl;idl;res;</Extensions>
    </Filter>
    <Filter Include="Header Files">
      <UniqueIdentifier>{93995380-89BD-4b04-88EB-625FBE52EBFB}</UniqueIdentifier>
      <Extensions>h;hpp;hxx;hm;inl;inc;xsd</Extensions>
    </Filter>
    <Filter Include="Header Files">
      <UniqueIdentifier>{93995380-89BD-4b04-88EB-625FBE52EBFB}</UniqueIdentifier>
      <Extensions>h;hpp;hxx;hm;inl;inc;xsd</Extensions>
    </Filter>
    <Filter Include="Resource Files">
      <UniqueIdentifier>{D9D6E242-F8AF-46E4-B9FD-80ECBC20BA3E}</UniqueIdentifier>
      <Extensions>qrc;*</Extensions>
      <ParseFiles>false</ParseFiles>
    </Filter>
    <Filter Include="Resource Files">
      <UniqueIdentifier>{D9D6E242-F8AF-46E4-B9FD-80ECBC20BA3E}</UniqueIdentifier>
      <Extensions>qrc;*</Extensions>
      <ParseFiles>false</ParseFiles>
    </Filter>
    <Filter Include="Source Files">
      <UniqueIdentifier>{4FC737F1-C7A5-4376-A066-2A32D752A2FF}</UniqueIdentifier>
      <Extensions>cpp;c;cxx;def;odl;idl;hpj;bat;asm;asmx</Extensions>
    </Filter>
    <Filter Include="Source Files">
      <UniqueIdentifier>{4FC737F1-C7A5-4376-A066-2A32D752A2FF}</UniqueIdentifier>
      <Extensions>cpp;c;cxx;def;odl;idl;hpj;bat;asm;asmx</Extensions>
    </Filter>
    <Filter Include="Translation Files">
      <UniqueIdentifier>{639EADAA-A684-42e4-A9AD-28FC9BCB8F7C}</UniqueIdentifier>
      <Extensions>ts;xlf</Extensions>
      <ParseFiles>false</ParseFiles>
    </Filter>
    <Filter Include="Translation Files">
      <UniqueIdentifier>{639EADAA-A684-42e4-A9AD-28FC9BCB8F7C}</UniqueIdentifier>
      <Extensions>ts;xlf</Extensions>
      <ParseFiles>false</ParseFiles>
    </Filter>
  </ItemGroup>
  <ItemGroup>
    <ClCompile Include="AVClock.cpp">
      <Filter>Source Files</Filter>
    </ClCompile>
    <ClCompile Include="AVCompat.cpp">
      <Filter>Source Files</Filter>
    </ClCompile>
    <ClCompile Include="AVDecoder.cpp">
      <Filter>Source Files</Filter>
    </ClCompile>
    <ClCompile Include="AVDemuxThread.cpp">
      <Filter>Source Files</Filter>
    </ClCompile>
    <ClCompile Include="AVDemuxer.cpp">
      <Filter>Source Files</Filter>
    </ClCompile>
    <ClCompile Include="AVError.cpp">
      <Filter>Source Files</Filter>
    </ClCompile>
    <ClCompile Include="AVOutput.cpp">
      <Filter>Source Files</Filter>
    </ClCompile>
    <ClCompile Include="AVPlayer.cpp">
      <Filter>Source Files</Filter>
    </ClCompile>
    <ClCompile Include="AVThread.cpp">
      <Filter>Source Files</Filter>
    </ClCompile>
    <ClCompile Include="AudioDecoder.cpp">
      <Filter>Source Files</Filter>
    </ClCompile>
    <ClCompile Include="AudioFormat.cpp">
      <Filter>Source Files</Filter>
    </ClCompile>
    <ClCompile Include="AudioFrame.cpp">
      <Filter>Source Files</Filter>
    </ClCompile>
    <ClCompile Include="AudioOutput.cpp">
      <Filter>Source Files</Filter>
    </ClCompile>
    <ClCompile Include="AudioOutputDSound.cpp">
      <Filter>Source Files</Filter>
    </ClCompile>
    <ClCompile Include="AudioOutputPortAudio.cpp">
      <Filter>Source Files</Filter>
    </ClCompile>
    <ClCompile Include="AudioOutputTypes.cpp">
      <Filter>Source Files</Filter>
    </ClCompile>
    <ClCompile Include="AudioResampler.cpp">
      <Filter>Source Files</Filter>
    </ClCompile>
    <ClCompile Include="AudioResamplerLibav.cpp">
      <Filter>Source Files</Filter>
    </ClCompile>
    <ClCompile Include="AudioResamplerTypes.cpp">
      <Filter>Source Files</Filter>
    </ClCompile>
    <ClCompile Include="AudioThread.cpp">
      <Filter>Source Files</Filter>
    </ClCompile>
    <ClCompile Include="ColorTransform.cpp">
      <Filter>Source Files</Filter>
    </ClCompile>
    <ClCompile Include="CommonTypes.cpp">
      <Filter>Source Files</Filter>
    </ClCompile>
    <ClCompile Include="Filter.cpp">
      <Filter>Source Files</Filter>
    </ClCompile>
    <ClCompile Include="FilterContext.cpp">
      <Filter>Source Files</Filter>
    </ClCompile>
    <ClCompile Include="FilterManager.cpp">
      <Filter>Source Files</Filter>
    </ClCompile>
    <ClCompile Include="Frame.cpp">
      <Filter>Source Files</Filter>
    </ClCompile>
    <ClCompile Include="GLWidgetRenderer.cpp">
      <Filter>Source Files</Filter>
    </ClCompile>
    <ClCompile Include="GLWidgetRenderer2.cpp">
      <Filter>Source Files</Filter>
    </ClCompile>
    <ClCompile Include="utils\GPUMemCopy.cpp">
      <Filter>Source Files</Filter>
    </ClCompile>
    <ClCompile Include="GraphicsItemRenderer.cpp">
      <Filter>Source Files</Filter>
    </ClCompile>
    <ClCompile Include="ImageConverter.cpp">
      <Filter>Source Files</Filter>
    </ClCompile>
    <ClCompile Include="ImageConverterFF.cpp">
      <Filter>Source Files</Filter>
    </ClCompile>
    <ClCompile Include="LibAVFilter.cpp">
      <Filter>Source Files</Filter>
    </ClCompile>
    <ClCompile Include="utils\OpenGLHelper.cpp">
      <Filter>Source Files</Filter>
    </ClCompile>
    <ClCompile Include="OpenGLVideo.cpp">
      <Filter>Source Files</Filter>
    </ClCompile>
    <ClCompile Include="OutputSet.cpp">
      <Filter>Source Files</Filter>
    </ClCompile>
    <ClCompile Include="Packet.cpp">
      <Filter>Source Files</Filter>
    </ClCompile>
    <ClCompile Include="QAVIOContext.cpp">
      <Filter>Source Files</Filter>
    </ClCompile>
    <ClCompile Include="QPainterRenderer.cpp">
      <Filter>Source Files</Filter>
    </ClCompile>
    <ClCompile Include="QtAV_Global.cpp">
      <Filter>Source Files</Filter>
    </ClCompile>
    <ClCompile Include="ShaderManager.cpp">
      <Filter>Source Files</Filter>
    </ClCompile>
    <ClCompile Include="Statistics.cpp">
      <Filter>Source Files</Filter>
    </ClCompile>
    <ClCompile Include="VideoCapture.cpp">
      <Filter>Source Files</Filter>
    </ClCompile>
    <ClCompile Include="VideoDecoder.cpp">
      <Filter>Source Files</Filter>
    </ClCompile>
    <ClCompile Include="VideoDecoderCUDA.cpp">
      <Filter>Source Files</Filter>
    </ClCompile>
    <ClCompile Include="VideoDecoderFFmpeg.cpp">
      <Filter>Source Files</Filter>
    </ClCompile>
    <ClCompile Include="VideoDecoderFFmpegHW.cpp">
      <Filter>Source Files</Filter>
    </ClCompile>
    <ClCompile Include="VideoDecoderTypes.cpp">
      <Filter>Source Files</Filter>
    </ClCompile>
    <ClCompile Include="VideoFormat.cpp">
      <Filter>Source Files</Filter>
    </ClCompile>
    <ClCompile Include="VideoFrame.cpp">
      <Filter>Source Files</Filter>
    </ClCompile>
    <ClCompile Include="VideoOutput.cpp">
      <Filter>Source Files</Filter>
    </ClCompile>
    <ClCompile Include="VideoOutputEventFilter.cpp">
      <Filter>Source Files</Filter>
    </ClCompile>
    <ClCompile Include="VideoRenderer.cpp">
      <Filter>Source Files</Filter>
    </ClCompile>
    <ClCompile Include="VideoRendererTypes.cpp">
      <Filter>Source Files</Filter>
    </ClCompile>
    <ClCompile Include="VideoShader.cpp">
      <Filter>Source Files</Filter>
    </ClCompile>
    <ClCompile Include="VideoThread.cpp">
      <Filter>Source Files</Filter>
    </ClCompile>
    <ClCompile Include="WidgetRenderer.cpp">
      <Filter>Source Files</Filter>
    </ClCompile>
    <ClCompile Include="cuda\cuda_api.cpp">
      <Filter>Source Files</Filter>
    </ClCompile>
    <ClCompile Include="..\.moc\4.8.5\QtAV\moc_AVClock.cpp">
      <Filter>Generated Files</Filter>
    </ClCompile>
    <ClCompile Include="..\.moc\4.8.5\QtAV\moc_AVDecoder.cpp">
      <Filter>Generated Files</Filter>
    </ClCompile>
    <ClCompile Include="..\.moc\4.8.5\QtAV\moc_AVDemuxThread.cpp">
      <Filter>Generated Files</Filter>
    </ClCompile>
    <ClCompile Include="..\.moc\4.8.5\QtAV\moc_AVDemuxer.cpp">
      <Filter>Generated Files</Filter>
    </ClCompile>
    <ClCompile Include="..\.moc\4.8.5\QtAV\moc_AVPlayer.cpp">
      <Filter>Generated Files</Filter>
    </ClCompile>
    <ClCompile Include="..\.moc\4.8.5\QtAV\moc_AVThread.cpp">
      <Filter>Generated Files</Filter>
    </ClCompile>
    <ClCompile Include="..\.moc\4.8.5\QtAV\moc_AudioOutput.cpp">
      <Filter>Generated Files</Filter>
    </ClCompile>
    <ClCompile Include="..\.moc\4.8.5\QtAV\moc_AudioThread.cpp">
      <Filter>Generated Files</Filter>
    </ClCompile>
    <ClCompile Include="..\.moc\4.8.5\QtAV\moc_Filter.cpp">
      <Filter>Generated Files</Filter>
    </ClCompile>
    <ClCompile Include="..\.moc\4.8.5\QtAV\moc_FilterManager.cpp">
      <Filter>Generated Files</Filter>
    </ClCompile>
    <ClCompile Include="..\.moc\4.8.5\QtAV\moc_GLWidgetRenderer.cpp">
      <Filter>Generated Files</Filter>
    </ClCompile>
    <ClCompile Include="..\.moc\4.8.5\QtAV\moc_GLWidgetRenderer2.cpp">
      <Filter>Generated Files</Filter>
    </ClCompile>
    <ClCompile Include="..\.moc\4.8.5\QtAV\moc_GraphicsItemRenderer.cpp">
      <Filter>Generated Files</Filter>
    </ClCompile>
    <ClCompile Include="..\.moc\4.8.5\QtAV\moc_LibAVFilter.cpp">
      <Filter>Generated Files</Filter>
    </ClCompile>
    <ClCompile Include="..\.moc\4.8.5\QtAV\moc_OpenGLVideo.cpp">
      <Filter>Generated Files</Filter>
    </ClCompile>
    <ClCompile Include="..\.moc\4.8.5\QtAV\moc_OutputSet.cpp">
      <Filter>Generated Files</Filter>
    </ClCompile>
    <ClCompile Include="..\.moc\4.8.5\QtAV\moc_ShaderManager.cpp">
      <Filter>Generated Files</Filter>
    </ClCompile>
    <ClCompile Include="..\.moc\4.8.5\QtAV\moc_VideoCapture.cpp">
      <Filter>Generated Files</Filter>
    </ClCompile>
    <ClCompile Include="..\.moc\4.8.5\QtAV\moc_VideoOutput.cpp">
      <Filter>Generated Files</Filter>
    </ClCompile>
    <ClCompile Include="..\.moc\4.8.5\QtAV\moc_VideoOutputEventFilter.cpp">
      <Filter>Generated Files</Filter>
    </ClCompile>
    <ClCompile Include="..\.moc\4.8.5\QtAV\moc_VideoThread.cpp">
      <Filter>Generated Files</Filter>
    </ClCompile>
    <ClCompile Include="..\.moc\4.8.5\QtAV\moc_WidgetRenderer.cpp">
      <Filter>Generated Files</Filter>
    </ClCompile>
    <ClCompile Include="GeneratedFiles\qrc_QtAV.cpp">
      <Filter>Generated Files</Filter>
    </ClCompile>
    <ClCompile Include="GeneratedFiles\qrc_shaders.cpp">
      <Filter>Generated Files</Filter>
    </ClCompile>
  </ItemGroup>
  <ItemGroup>
    <CustomBuild Include="QtAV\AVClock.h">
      <Filter>Header Files</Filter>
    </CustomBuild>
    <ClInclude Include="QtAV\private\AVCompat.h">
      <Filter>Header Files</Filter>
    </ClInclude>
    <CustomBuild Include="QtAV\AVDecoder.h">
      <Filter>Header Files</Filter>
    </CustomBuild>
    <ClInclude Include="QtAV\private\AVDecoder_p.h">
      <Filter>Header Files</Filter>
    </ClInclude>
    <CustomBuild Include="QtAV\AVDemuxThread.h">
      <Filter>Header Files</Filter>
    </CustomBuild>
    <CustomBuild Include="QtAV\AVDemuxer.h">
      <Filter>Header Files</Filter>
    </CustomBuild>
    <ClInclude Include="QtAV\AVError.h">
      <Filter>Header Files</Filter>
    </ClInclude>
    <ClInclude Include="QtAV\AVOutput.h">
      <Filter>Header Files</Filter>
    </ClInclude>
    <ClInclude Include="QtAV\private\AVOutput_p.h">
      <Filter>Header Files</Filter>
    </ClInclude>
    <CustomBuild Include="QtAV\AVPlayer.h">
      <Filter>Header Files</Filter>
    </CustomBuild>
    <CustomBuild Include="QtAV\AVThread.h">
      <Filter>Header Files</Filter>
    </CustomBuild>
    <ClInclude Include="QtAV\private\AVThread_p.h">
      <Filter>Header Files</Filter>
    </ClInclude>
    <ClInclude Include="QtAV\AudioDecoder.h">
      <Filter>Header Files</Filter>
    </ClInclude>
    <ClInclude Include="QtAV\AudioFormat.h">
      <Filter>Header Files</Filter>
    </ClInclude>
    <ClInclude Include="QtAV\AudioFrame.h">
      <Filter>Header Files</Filter>
    </ClInclude>
    <CustomBuild Include="QtAV\AudioOutput.h">
      <Filter>Header Files</Filter>
    </CustomBuild>
    <ClInclude Include="QtAV\AudioOutputTypes.h">
      <Filter>Header Files</Filter>
    </ClInclude>
    <ClInclude Include="QtAV\private\AudioOutput_p.h">
      <Filter>Header Files</Filter>
    </ClInclude>
    <ClInclude Include="QtAV\AudioResampler.h">
      <Filter>Header Files</Filter>
    </ClInclude>
    <ClInclude Include="QtAV\AudioResamplerTypes.h">
      <Filter>Header Files</Filter>
    </ClInclude>
    <ClInclude Include="QtAV\private\AudioResampler_p.h">
      <Filter>Header Files</Filter>
    </ClInclude>
    <CustomBuild Include="QtAV\AudioThread.h">
      <Filter>Header Files</Filter>
    </CustomBuild>
    <ClInclude Include="utils\BlockingQueue.h">
      <Filter>Header Files</Filter>
    </ClInclude>
    <ClInclude Include="QtAV\ColorTransform.h">
      <Filter>Header Files</Filter>
    </ClInclude>
    <ClInclude Include="QtAV\CommonTypes.h">
      <Filter>Header Files</Filter>
    </ClInclude>
    <ClInclude Include="QtAV\FactoryDefine.h">
      <Filter>Header Files</Filter>
    </ClInclude>
    <CustomBuild Include="QtAV\Filter.h">
      <Filter>Header Files</Filter>
    </CustomBuild>
    <ClInclude Include="QtAV\FilterContext.h">
      <Filter>Header Files</Filter>
    </ClInclude>
    <CustomBuild Include="QtAV\private\FilterManager.h">
      <Filter>Header Files</Filter>
    </CustomBuild>
    <ClInclude Include="QtAV\private\Filter_p.h">
      <Filter>Header Files</Filter>
    </ClInclude>
    <ClInclude Include="QtAV\Frame.h">
      <Filter>Header Files</Filter>
    </ClInclude>
    <ClInclude Include="QtAV\private\Frame_p.h">
      <Filter>Header Files</Filter>
    </ClInclude>
    <CustomBuild Include="QtAV\GLWidgetRenderer.h">
      <Filter>Header Files</Filter>
    </CustomBuild>
    <CustomBuild Include="QtAV\GLWidgetRenderer2.h">
      <Filter>Header Files</Filter>
    </CustomBuild>
    <ClInclude Include="utils\GPUMemCopy.h">
      <Filter>Header Files</Filter>
    </ClInclude>
    <CustomBuild Include="QtAV\GraphicsItemRenderer.h">
      <Filter>Header Files</Filter>
    </CustomBuild>
    <ClInclude Include="QtAV\ImageConverter.h">
      <Filter>Header Files</Filter>
    </ClInclude>
    <ClInclude Include="QtAV\ImageConverterTypes.h">
      <Filter>Header Files</Filter>
    </ClInclude>
    <ClInclude Include="QtAV\private\ImageConverter_p.h">
      <Filter>Header Files</Filter>
    </ClInclude>
    <CustomBuild Include="QtAV\LibAVFilter.h">
      <Filter>Header Files</Filter>
    </CustomBuild>
    <ClInclude Include="utils\OpenGLHelper.h">
      <Filter>Header Files</Filter>
    </ClInclude>
    <CustomBuild Include="QtAV\OpenGLVideo.h">
      <Filter>Header Files</Filter>
    </CustomBuild>
    <CustomBuild Include="QtAV\private\OutputSet.h">
      <Filter>Header Files</Filter>
    </CustomBuild>
    <ClInclude Include="QtAV\Packet.h">
      <Filter>Header Files</Filter>
    </ClInclude>
    <ClInclude Include="QtAV\private\QAVIOContext.h">
      <Filter>Header Files</Filter>
    </ClInclude>
    <ClInclude Include="QtAV\QPainterRenderer.h">
      <Filter>Header Files</Filter>
    </ClInclude>
    <ClInclude Include="QtAV\private\QPainterRenderer_p.h">
      <Filter>Header Files</Filter>
    </ClInclude>
    <ClInclude Include="QtAV\QtAV.h">
      <Filter>Header Files</Filter>
    </ClInclude>
    <ClInclude Include="QtAV\QtAV_Global.h">
      <Filter>Header Files</Filter>
    </ClInclude>
    <CustomBuild Include="QtAV\private\ShaderManager.h">
      <Filter>Header Files</Filter>
    </CustomBuild>
    <ClInclude Include="QtAV\Statistics.h">
      <Filter>Header Files</Filter>
    </ClInclude>
    <ClInclude Include="QtAV\SurfaceInterop.h">
      <Filter>Header Files</Filter>
    </ClInclude>
    <CustomBuild Include="QtAV\VideoCapture.h">
      <Filter>Header Files</Filter>
    </CustomBuild>
    <ClInclude Include="QtAV\VideoDecoder.h">
      <Filter>Header Files</Filter>
    </ClInclude>
    <ClInclude Include="QtAV\VideoDecoderFFmpegHW.h">
      <Filter>Header Files</Filter>
    </ClInclude>
    <ClInclude Include="QtAV\private\VideoDecoderFFmpegHW_p.h">
      <Filter>Header Files</Filter>
    </ClInclude>
    <ClInclude Include="QtAV\VideoDecoderTypes.h">
      <Filter>Header Files</Filter>
    </ClInclude>
    <ClInclude Include="QtAV\private\VideoDecoder_p.h">
      <Filter>Header Files</Filter>
    </ClInclude>
    <ClInclude Include="QtAV\VideoFormat.h">
      <Filter>Header Files</Filter>
    </ClInclude>
    <ClInclude Include="QtAV\VideoFrame.h">
      <Filter>Header Files</Filter>
    </ClInclude>
    <CustomBuild Include="QtAV\VideoOutput.h">
      <Filter>Header Files</Filter>
    </CustomBuild>
    <CustomBuild Include="QtAV\private\VideoOutputEventFilter.h">
      <Filter>Header Files</Filter>
    </CustomBuild>
    <ClInclude Include="QtAV\VideoRenderer.h">
      <Filter>Header Files</Filter>
    </ClInclude>
    <ClInclude Include="QtAV\VideoRendererTypes.h">
      <Filter>Header Files</Filter>
    </ClInclude>
    <ClInclude Include="QtAV\private\VideoRenderer_p.h">
      <Filter>Header Files</Filter>
    </ClInclude>
    <ClInclude Include="QtAV\VideoShader.h">
      <Filter>Header Files</Filter>
    </ClInclude>
    <ClInclude Include="QtAV\private\VideoShader_p.h">
      <Filter>Header Files</Filter>
    </ClInclude>
    <CustomBuild Include="QtAV\VideoThread.h">
      <Filter>Header Files</Filter>
    </CustomBuild>
    <CustomBuild Include="QtAV\WidgetRenderer.h">
      <Filter>Header Files</Filter>
    </CustomBuild>
    <ClInclude Include="cuda\cuda_api.h">
      <Filter>Header Files</Filter>
    </ClInclude>
    <ClInclude Include="QtAV\dptr.h">
      <Filter>Header Files</Filter>
    </ClInclude>
    <ClInclude Include="QtAV\private\factory.h">
      <Filter>Header Files</Filter>
    </ClInclude>
    <ClInclude Include="cuda\helper_cuda.h">
      <Filter>Header Files</Filter>
    </ClInclude>
    <ClInclude Include="cuda\dllapi\nv_inc.h">
      <Filter>Header Files</Filter>
    </ClInclude>
    <ClInclude Include="QtAV\prepost.h">
      <Filter>Header Files</Filter>
    </ClInclude>
    <ClInclude Include="QtAV\private\singleton.h">
      <Filter>Header Files</Filter>
    </ClInclude>
    <ClInclude Include="QtAV\version.h">
      <Filter>Header Files</Filter>
    </ClInclude>
    <CustomBuild Include="..\.moc\4.8.5\QtAV\VideoDecoderCUDA.moc">
      <Filter>Generated Files</Filter>
    </CustomBuild>
    <CustomBuild Include="..\.moc\4.8.5\QtAV\VideoDecoderFFmpeg.moc">
      <Filter>Generated Files</Filter>
    </CustomBuild>
  </ItemGroup>
  <ItemGroup>
    <None Include="e:\QtAV-master\i18n\QtAV_zh_CN.ts">
      <Filter>Translation Files</Filter>
    </None>
  </ItemGroup>
  <ItemGroup>
    <CustomBuild Include="..\i18n\QtAV.qrc">
      <Filter>Resource Files</Filter>
    </CustomBuild>
    <None Include="..\i18n\QtAV_zh_CN.qm">
      <Filter>Resource Files</Filter>
    </None>
    <None Include="shaders\planar.f.glsl">
      <Filter>Resource Files</Filter>
    </None>
    <None Include="shaders\rgb.f.glsl">
      <Filter>Resource Files</Filter>
    </None>
    <CustomBuild Include="shaders\shaders.qrc">
      <Filter>Resource Files</Filter>
    </CustomBuild>
  </ItemGroup>
  <ItemGroup>
    <ResourceCompile Include="e:\QtAV-master\res\QtAV.rc" />
  </ItemGroup>
</Project>